# This file is autogenerated, do not edit; changes may be undone by the next 'dep ensure'.


[[projects]]
  name = "github.com/gorilla/mux"
  packages = ["."]
  revision = "75dcda0896e109a2a22c9315bca3bb21b87b2ba5"
  version = "v1.7.4"

[[projects]]
  name = "gopkg.in/yaml.v2"
  packages = ["."]
  revision = "0b1645d91e851e735d3e23330303ce81f70adbe3"
  version = "v2.3.0"

[solve-meta]
  analyzer-name = "dep"
  analyzer-version = 1
  inputs-digest = "40cddaf089797dd1d0fd7e6072b1def6144ed12c6bee9733c985bf8a72c88588"
  solver-name = "gps-cdcl"
  solver-version = 1
